// !$*UTF8*$!
{
	archiveVersion = 1;
	classes = {
	};
	objectVersion = 46;
	objects = {

/* Begin PBXBuildFile section */
		02AF667D1AC49030007EB1F9 /* main.m in Sources */ = {isa = PBXBuildFile; fileRef = 02AF667C1AC49030007EB1F9 /* main.m */; };
		02AF66801AC49030007EB1F9 /* AppDelegate.m in Sources */ = {isa = PBXBuildFile; fileRef = 02AF667F1AC49030007EB1F9 /* AppDelegate.m */; };
		02AF66831AC49030007EB1F9 /* ViewController.m in Sources */ = {isa = PBXBuildFile; fileRef = 02AF66821AC49030007EB1F9 /* ViewController.m */; };
		02AF66881AC49030007EB1F9 /* Images.xcassets in Resources */ = {isa = PBXBuildFile; fileRef = 02AF66871AC49030007EB1F9 /* Images.xcassets */; };
		02AF66971AC49030007EB1F9 /* MeetStudentTests.m in Sources */ = {isa = PBXBuildFile; fileRef = 02AF66961AC49030007EB1F9 /* MeetStudentTests.m */; };
		02AF66A11AC490D4007EB1F9 /* Main.storyboard in Resources */ = {isa = PBXBuildFile; fileRef = 02AF66A01AC490D4007EB1F9 /* Main.storyboard */; };
		02AF66A41AC491A5007EB1F9 /* MainViewController.m in Sources */ = {isa = PBXBuildFile; fileRef = 02AF66A31AC491A5007EB1F9 /* MainViewController.m */; };
		02AF66AC1AC491DE007EB1F9 /* AlunoViewController.m in Sources */ = {isa = PBXBuildFile; fileRef = 02AF66A71AC491DE007EB1F9 /* AlunoViewController.m */; };
		02AF66AD1AC491DE007EB1F9 /* CustomAlunoViewController.m in Sources */ = {isa = PBXBuildFile; fileRef = 02AF66A91AC491DE007EB1F9 /* CustomAlunoViewController.m */; };
		02AF66AE1AC491DE007EB1F9 /* CustomAlunoNavViewController.m in Sources */ = {isa = PBXBuildFile; fileRef = 02AF66AB1AC491DE007EB1F9 /* CustomAlunoNavViewController.m */; };
		02AF66B51AC491F0007EB1F9 /* nome.json in Resources */ = {isa = PBXBuildFile; fileRef = 02AF66AF1AC491F0007EB1F9 /* nome.json */; };
		02AF66B61AC491F0007EB1F9 /* idade.json in Resources */ = {isa = PBXBuildFile; fileRef = 02AF66B01AC491F0007EB1F9 /* idade.json */; };
		02AF66B71AC491F0007EB1F9 /* sexo.json in Resources */ = {isa = PBXBuildFile; fileRef = 02AF66B11AC491F0007EB1F9 /* sexo.json */; };
		02AF66B81AC491F0007EB1F9 /* consideracoes.json in Resources */ = {isa = PBXBuildFile; fileRef = 02AF66B21AC491F0007EB1F9 /* consideracoes.json */; };
		02AF66B91AC491F0007EB1F9 /* media.json in Resources */ = {isa = PBXBuildFile; fileRef = 02AF66B31AC491F0007EB1F9 /* media.json */; };
		02AF66BA1AC491F0007EB1F9 /* images.json in Resources */ = {isa = PBXBuildFile; fileRef = 02AF66B41AC491F0007EB1F9 /* images.json */; };
/* End PBXBuildFile section */

/* Begin PBXContainerItemProxy section */
		02AF66911AC49030007EB1F9 /* PBXContainerItemProxy */ = {
			isa = PBXContainerItemProxy;
			containerPortal = 02AF666F1AC49030007EB1F9 /* Project object */;
			proxyType = 1;
			remoteGlobalIDString = 02AF66761AC49030007EB1F9;
			remoteInfo = MeetStudent;
		};
/* End PBXContainerItemProxy section */

/* Begin PBXFileReference section */
		02AF66771AC49030007EB1F9 /* MeetStudent.app */ = {isa = PBXFileReference; explicitFileType = wrapper.application; includeInIndex = 0; path = MeetStudent.app; sourceTree = BUILT_PRODUCTS_DIR; };
		02AF667B1AC49030007EB1F9 /* Info.plist */ = {isa = PBXFileReference; lastKnownFileType = text.plist.xml; path = Info.plist; sourceTree = "<group>"; };
		02AF667C1AC49030007EB1F9 /* main.m */ = {isa = PBXFileReference; lastKnownFileType = sourcecode.c.objc; path = main.m; sourceTree = "<group>"; };
		02AF667E1AC49030007EB1F9 /* AppDelegate.h */ = {isa = PBXFileReference; lastKnownFileType = sourcecode.c.h; path = AppDelegate.h; sourceTree = "<group>"; };
		02AF667F1AC49030007EB1F9 /* AppDelegate.m */ = {isa = PBXFileReference; lastKnownFileType = sourcecode.c.objc; path = AppDelegate.m; sourceTree = "<group>"; };
		02AF66811AC49030007EB1F9 /* ViewController.h */ = {isa = PBXFileReference; lastKnownFileType = sourcecode.c.h; path = ViewController.h; sourceTree = "<group>"; };
		02AF66821AC49030007EB1F9 /* ViewController.m */ = {isa = PBXFileReference; lastKnownFileType = sourcecode.c.objc; path = ViewController.m; sourceTree = "<group>"; };
		02AF66871AC49030007EB1F9 /* Images.xcassets */ = {isa = PBXFileReference; lastKnownFileType = folder.assetcatalog; path = Images.xcassets; sourceTree = "<group>"; };
		02AF66901AC49030007EB1F9 /* MeetStudentTests.xctest */ = {isa = PBXFileReference; explicitFileType = wrapper.cfbundle; includeInIndex = 0; path = MeetStudentTests.xctest; sourceTree = BUILT_PRODUCTS_DIR; };
		02AF66951AC49030007EB1F9 /* Info.plist */ = {isa = PBXFileReference; lastKnownFileType = text.plist.xml; path = Info.plist; sourceTree = "<group>"; };
		02AF66961AC49030007EB1F9 /* MeetStudentTests.m */ = {isa = PBXFileReference; lastKnownFileType = sourcecode.c.objc; path = MeetStudentTests.m; sourceTree = "<group>"; };
		02AF66A01AC490D4007EB1F9 /* Main.storyboard */ = {isa = PBXFileReference; fileEncoding = 4; lastKnownFileType = file.storyboard; path = Main.storyboard; sourceTree = "<group>"; };
		02AF66A21AC491A5007EB1F9 /* MainViewController.h */ = {isa = PBXFileReference; fileEncoding = 4; lastKnownFileType = sourcecode.c.h; path = MainViewController.h; sourceTree = "<group>"; };
		02AF66A31AC491A5007EB1F9 /* MainViewController.m */ = {isa = PBXFileReference; fileEncoding = 4; lastKnownFileType = sourcecode.c.objc; path = MainViewController.m; sourceTree = "<group>"; };
		02AF66A61AC491DE007EB1F9 /* AlunoViewController.h */ = {isa = PBXFileReference; fileEncoding = 4; lastKnownFileType = sourcecode.c.h; path = AlunoViewController.h; sourceTree = "<group>"; };
		02AF66A71AC491DE007EB1F9 /* AlunoViewController.m */ = {isa = PBXFileReference; fileEncoding = 4; lastKnownFileType = sourcecode.c.objc; path = AlunoViewController.m; sourceTree = "<group>"; };
		02AF66A81AC491DE007EB1F9 /* CustomAlunoViewController.h */ = {isa = PBXFileReference; fileEncoding = 4; lastKnownFileType = sourcecode.c.h; path = CustomAlunoViewController.h; sourceTree = "<group>"; };
		02AF66A91AC491DE007EB1F9 /* CustomAlunoViewController.m */ = {isa = PBXFileReference; fileEncoding = 4; lastKnownFileType = sourcecode.c.objc; path = CustomAlunoViewController.m; sourceTree = "<group>"; };
		02AF66AA1AC491DE007EB1F9 /* CustomAlunoNavViewController.h */ = {isa = PBXFileReference; fileEncoding = 4; lastKnownFileType = sourcecode.c.h; path = CustomAlunoNavViewController.h; sourceTree = "<group>"; };
		02AF66AB1AC491DE007EB1F9 /* CustomAlunoNavViewController.m */ = {isa = PBXFileReference; fileEncoding = 4; lastKnownFileType = sourcecode.c.objc; path = CustomAlunoNavViewController.m; sourceTree = "<group>"; };
		02AF66AF1AC491F0007EB1F9 /* nome.json */ = {isa = PBXFileReference; fileEncoding = 4; lastKnownFileType = text.json; path = nome.json; sourceTree = "<group>"; };
		02AF66B01AC491F0007EB1F9 /* idade.json */ = {isa = PBXFileReference; fileEncoding = 4; lastKnownFileType = text.json; path = idade.json; sourceTree = "<group>"; };
		02AF66B11AC491F0007EB1F9 /* sexo.json */ = {isa = PBXFileReference; fileEncoding = 4; lastKnownFileType = text.json; path = sexo.json; sourceTree = "<group>"; };
		02AF66B21AC491F0007EB1F9 /* consideracoes.json */ = {isa = PBXFileReference; fileEncoding = 4; lastKnownFileType = text.json; path = consideracoes.json; sourceTree = "<group>"; };
		02AF66B31AC491F0007EB1F9 /* media.json */ = {isa = PBXFileReference; fileEncoding = 4; lastKnownFileType = text.json; path = media.json; sourceTree = "<group>"; };
		02AF66B41AC491F0007EB1F9 /* images.json */ = {isa = PBXFileReference; fileEncoding = 4; lastKnownFileType = text.json; path = images.json; sourceTree = "<group>"; };
/* End PBXFileReference section */

/* Begin PBXFrameworksBuildPhase section */
		02AF66741AC49030007EB1F9 /* Frameworks */ = {
			isa = PBXFrameworksBuildPhase;
			buildActionMask = 2147483647;
			files = (
			);
			runOnlyForDeploymentPostprocessing = 0;
		};
		02AF668D1AC49030007EB1F9 /* Frameworks */ = {
			isa = PBXFrameworksBuildPhase;
			buildActionMask = 2147483647;
			files = (
			);
			runOnlyForDeploymentPostprocessing = 0;
		};
/* End PBXFrameworksBuildPhase section */

/* Begin PBXGroup section */
		02AF666E1AC49030007EB1F9 = {
			isa = PBXGroup;
			children = (
				02AF66791AC49030007EB1F9 /* MeetStudent */,
				02AF66931AC49030007EB1F9 /* MeetStudentTests */,
				02AF66781AC49030007EB1F9 /* Products */,
			);
			sourceTree = "<group>";
		};
		02AF66781AC49030007EB1F9 /* Products */ = {
			isa = PBXGroup;
			children = (
				02AF66771AC49030007EB1F9 /* MeetStudent.app */,
				02AF66901AC49030007EB1F9 /* MeetStudentTests.xctest */,
			);
			name = Products;
			sourceTree = "<group>";
		};
		02AF66791AC49030007EB1F9 /* MeetStudent */ = {
			isa = PBXGroup;
			children = (
				02AF66A21AC491A5007EB1F9 /* MainViewController.h */,
				02AF66A31AC491A5007EB1F9 /* MainViewController.m */,
				02AF66A51AC491C5007EB1F9 /* CustomView */,
				02AF66A01AC490D4007EB1F9 /* Main.storyboard */,
				02AF667E1AC49030007EB1F9 /* AppDelegate.h */,
				02AF667F1AC49030007EB1F9 /* AppDelegate.m */,
				02AF66811AC49030007EB1F9 /* ViewController.h */,
				02AF66821AC49030007EB1F9 /* ViewController.m */,
				02AF667A1AC49030007EB1F9 /* Supporting Files */,
			);
			path = MeetStudent;
			sourceTree = "<group>";
		};
		02AF667A1AC49030007EB1F9 /* Supporting Files */ = {
			isa = PBXGroup;
			children = (
				02AF66AF1AC491F0007EB1F9 /* nome.json */,
				02AF66B01AC491F0007EB1F9 /* idade.json */,
				02AF66B11AC491F0007EB1F9 /* sexo.json */,
				02AF66B21AC491F0007EB1F9 /* consideracoes.json */,
				02AF66B31AC491F0007EB1F9 /* media.json */,
				02AF66B41AC491F0007EB1F9 /* images.json */,
				02AF66871AC49030007EB1F9 /* Images.xcassets */,
				02AF667B1AC49030007EB1F9 /* Info.plist */,
				02AF667C1AC49030007EB1F9 /* main.m */,
			);
			name = "Supporting Files";
			sourceTree = "<group>";
		};
		02AF66931AC49030007EB1F9 /* MeetStudentTests */ = {
			isa = PBXGroup;
			children = (
				02AF66961AC49030007EB1F9 /* MeetStudentTests.m */,
				02AF66941AC49030007EB1F9 /* Supporting Files */,
			);
			path = MeetStudentTests;
			sourceTree = "<group>";
		};
		02AF66941AC49030007EB1F9 /* Supporting Files */ = {
			isa = PBXGroup;
			children = (
				02AF66951AC49030007EB1F9 /* Info.plist */,
			);
			name = "Supporting Files";
			sourceTree = "<group>";
		};
		02AF66A51AC491C5007EB1F9 /* CustomView */ = {
			isa = PBXGroup;
			children = (
				02AF66A61AC491DE007EB1F9 /* AlunoViewController.h */,
				02AF66A71AC491DE007EB1F9 /* AlunoViewController.m */,
				02AF66A81AC491DE007EB1F9 /* CustomAlunoViewController.h */,
				02AF66A91AC491DE007EB1F9 /* CustomAlunoViewController.m */,
				02AF66AA1AC491DE007EB1F9 /* CustomAlunoNavViewController.h */,
				02AF66AB1AC491DE007EB1F9 /* CustomAlunoNavViewController.m */,
			);
			name = CustomView;
			sourceTree = "<group>";
		};
/* End PBXGroup section */

/* Begin PBXNativeTarget section */
		02AF66761AC49030007EB1F9 /* MeetStudent */ = {
			isa = PBXNativeTarget;
			buildConfigurationList = 02AF669A1AC49030007EB1F9 /* Build configuration list for PBXNativeTarget "MeetStudent" */;
			buildPhases = (
				02AF66731AC49030007EB1F9 /* Sources */,
				02AF66741AC49030007EB1F9 /* Frameworks */,
				02AF66751AC49030007EB1F9 /* Resources */,
			);
			buildRules = (
			);
			dependencies = (
			);
			name = MeetStudent;
			productName = MeetStudent;
			productReference = 02AF66771AC49030007EB1F9 /* MeetStudent.app */;
			productType = "com.apple.product-type.application";
		};
		02AF668F1AC49030007EB1F9 /* MeetStudentTests */ = {
			isa = PBXNativeTarget;
			buildConfigurationList = 02AF669D1AC49030007EB1F9 /* Build configuration list for PBXNativeTarget "MeetStudentTests" */;
			buildPhases = (
				02AF668C1AC49030007EB1F9 /* Sources */,
				02AF668D1AC49030007EB1F9 /* Frameworks */,
				02AF668E1AC49030007EB1F9 /* Resources */,
			);
			buildRules = (
			);
			dependencies = (
				02AF66921AC49030007EB1F9 /* PBXTargetDependency */,
			);
			name = MeetStudentTests;
			productName = MeetStudentTests;
			productReference = 02AF66901AC49030007EB1F9 /* MeetStudentTests.xctest */;
			productType = "com.apple.product-type.bundle.unit-test";
		};
/* End PBXNativeTarget section */

/* Begin PBXProject section */
		02AF666F1AC49030007EB1F9 /* Project object */ = {
			isa = PBXProject;
			attributes = {
				LastUpgradeCheck = 0620;
				ORGANIZATIONNAME = BEPiD;
				TargetAttributes = {
					02AF66761AC49030007EB1F9 = {
						CreatedOnToolsVersion = 6.2;
					};
					02AF668F1AC49030007EB1F9 = {
						CreatedOnToolsVersion = 6.2;
						TestTargetID = 02AF66761AC49030007EB1F9;
					};
				};
			};
			buildConfigurationList = 02AF66721AC49030007EB1F9 /* Build configuration list for PBXProject "MeetStudent" */;
			compatibilityVersion = "Xcode 3.2";
			developmentRegion = English;
			hasScannedForEncodings = 0;
			knownRegions = (
				en,
				Base,
			);
			mainGroup = 02AF666E1AC49030007EB1F9;
			productRefGroup = 02AF66781AC49030007EB1F9 /* Products */;
			projectDirPath = "";
			projectRoot = "";
			targets = (
				02AF66761AC49030007EB1F9 /* MeetStudent */,
				02AF668F1AC49030007EB1F9 /* MeetStudentTests */,
			);
		};
/* End PBXProject section */

/* Begin PBXResourcesBuildPhase section */
		02AF66751AC49030007EB1F9 /* Resources */ = {
			isa = PBXResourcesBuildPhase;
			buildActionMask = 2147483647;
			files = (
				02AF66B81AC491F0007EB1F9 /* consideracoes.json in Resources */,
				02AF66BA1AC491F0007EB1F9 /* images.json in Resources */,
				02AF66B71AC491F0007EB1F9 /* sexo.json in Resources */,
				02AF66B51AC491F0007EB1F9 /* nome.json in Resources */,
				02AF66B91AC491F0007EB1F9 /* media.json in Resources */,
				02AF66B61AC491F0007EB1F9 /* idade.json in Resources */,
				02AF66A11AC490D4007EB1F9 /* Main.storyboard in Resources */,
				02AF66881AC49030007EB1F9 /* Images.xcassets in Resources */,
			);
			runOnlyForDeploymentPostprocessing = 0;
		};
		02AF668E1AC49030007EB1F9 /* Resources */ = {
			isa = PBXResourcesBuildPhase;
			buildActionMask = 2147483647;
			files = (
			);
			runOnlyForDeploymentPostprocessing = 0;
		};
/* End PBXResourcesBuildPhase section */

/* Begin PBXSourcesBuildPhase section */
		02AF66731AC49030007EB1F9 /* Sources */ = {
			isa = PBXSourcesBuildPhase;
			buildActionMask = 2147483647;
			files = (
				02AF66AC1AC491DE007EB1F9 /* AlunoViewController.m in Sources */,
				02AF66831AC49030007EB1F9 /* ViewController.m in Sources */,
				02AF66801AC49030007EB1F9 /* AppDelegate.m in Sources */,
				02AF667D1AC49030007EB1F9 /* main.m in Sources */,
				02AF66A41AC491A5007EB1F9 /* MainViewController.m in Sources */,
				02AF66AD1AC491DE007EB1F9 /* CustomAlunoViewController.m in Sources */,
				02AF66AE1AC491DE007EB1F9 /* CustomAlunoNavViewController.m in Sources */,
			);
			runOnlyForDeploymentPostprocessing = 0;
		};
		02AF668C1AC49030007EB1F9 /* Sources */ = {
			isa = PBXSourcesBuildPhase;
			buildActionMask = 2147483647;
			files = (
				02AF66971AC49030007EB1F9 /* MeetStudentTests.m in Sources */,
			);
			runOnlyForDeploymentPostprocessing = 0;
		};
/* End PBXSourcesBuildPhase section */

/* Begin PBXTargetDependency section */
		02AF66921AC49030007EB1F9 /* PBXTargetDependency */ = {
			isa = PBXTargetDependency;
			target = 02AF66761AC49030007EB1F9 /* MeetStudent */;
			targetProxy = 02AF66911AC49030007EB1F9 /* PBXContainerItemProxy */;
		};
/* End PBXTargetDependency section */

/* Begin XCBuildConfiguration section */
		02AF66981AC49030007EB1F9 /* Debug */ = {
			isa = XCBuildConfiguration;
			buildSettings = {
				ALWAYS_SEARCH_USER_PATHS = NO;
				CLANG_CXX_LANGUAGE_STANDARD = "gnu++0x";
				CLANG_CXX_LIBRARY = "libc++";
				CLANG_ENABLE_MODULES = YES;
				CLANG_ENABLE_OBJC_ARC = YES;
				CLANG_WARN_BOOL_CONVERSION = YES;
				CLANG_WARN_CONSTANT_CONVERSION = YES;
				CLANG_WARN_DIRECT_OBJC_ISA_USAGE = YES_ERROR;
				CLANG_WARN_EMPTY_BODY = YES;
				CLANG_WARN_ENUM_CONVERSION = YES;
				CLANG_WARN_INT_CONVERSION = YES;
				CLANG_WARN_OBJC_ROOT_CLASS = YES_ERROR;
				CLANG_WARN_UNREACHABLE_CODE = YES;
				CLANG_WARN__DUPLICATE_METHOD_MATCH = YES;
				"CODE_SIGN_IDENTITY[sdk=iphoneos*]" = "iPhone Developer";
				COPY_PHASE_STRIP = NO;
				ENABLE_STRICT_OBJC_MSGSEND = YES;
				GCC_C_LANGUAGE_STANDARD = gnu99;
				GCC_DYNAMIC_NO_PIC = NO;
				GCC_OPTIMIZATION_LEVEL = 0;
				GCC_PREPROCESSOR_DEFINITIONS = (
					"DEBUG=1",
					"$(inherited)",
				);
				GCC_SYMBOLS_PRIVATE_EXTERN = NO;
				GCC_WARN_64_TO_32_BIT_CONVERSION = YES;
				GCC_WARN_ABOUT_RETURN_TYPE = YES_ERROR;
				GCC_WARN_UNDECLARED_SELECTOR = YES;
				GCC_WARN_UNINITIALIZED_AUTOS = YES_AGGRESSIVE;
				GCC_WARN_UNUSED_FUNCTION = YES;
				GCC_WARN_UNUSED_VARIABLE = YES;
				IPHONEOS_DEPLOYMENT_TARGET = 8.2;
				MTL_ENABLE_DEBUG_INFO = YES;
				ONLY_ACTIVE_ARCH = YES;
				SDKROOT = iphoneos;
			};
			name = Debug;
		};
		02AF66991AC49030007EB1F9 /* Release */ = {
			isa = XCBuildConfiguration;
			buildSettings = {
				ALWAYS_SEARCH_USER_PATHS = NO;
				CLANG_CXX_LANGUAGE_STANDARD = "gnu++0x";
				CLANG_CXX_LIBRARY = "libc++";
				CLANG_ENABLE_MODULES = YES;
				CLANG_ENABLE_OBJC_ARC = YES;
				CLANG_WARN_BOOL_CONVERSION = YES;
				CLANG_WARN_CONSTANT_CONVERSION = YES;
				CLANG_WARN_DIRECT_OBJC_ISA_USAGE = YES_ERROR;
				CLANG_WARN_EMPTY_BODY = YES;
				CLANG_WARN_ENUM_CONVERSION = YES;
				CLANG_WARN_INT_CONVERSION = YES;
				CLANG_WARN_OBJC_ROOT_CLASS = YES_ERROR;
				CLANG_WARN_UNREACHABLE_CODE = YES;
				CLANG_WARN__DUPLICATE_METHOD_MATCH = YES;
				"CODE_SIGN_IDENTITY[sdk=iphoneos*]" = "iPhone Developer";
				COPY_PHASE_STRIP = NO;
				ENABLE_NS_ASSERTIONS = NO;
				ENABLE_STRICT_OBJC_MSGSEND = YES;
				GCC_C_LANGUAGE_STANDARD = gnu99;
				GCC_WARN_64_TO_32_BIT_CONVERSION = YES;
				GCC_WARN_ABOUT_RETURN_TYPE = YES_ERROR;
				GCC_WARN_UNDECLARED_SELECTOR = YES;
				GCC_WARN_UNINITIALIZED_AUTOS = YES_AGGRESSIVE;
				GCC_WARN_UNUSED_FUNCTION = YES;
				GCC_WARN_UNUSED_VARIABLE = YES;
				IPHONEOS_DEPLOYMENT_TARGET = 8.2;
				MTL_ENABLE_DEBUG_INFO = NO;
				SDKROOT = iphoneos;
				VALIDATE_PRODUCT = YES;
			};
			name = Release;
		};
		02AF669B1AC49030007EB1F9 /* Debug */ = {
			isa = XCBuildConfiguration;
			buildSettings = {
				ASSETCATALOG_COMPILER_APPICON_NAME = AppIcon;
				INFOPLIST_FILE = MeetStudent/Info.plist;
				LD_RUNPATH_SEARCH_PATHS = "$(inherited) @executable_path/Frameworks";
				PRODUCT_NAME = "$(TARGET_NAME)";
				TARGETED_DEVICE_FAMILY = 1;
			};
			name = Debug;
		};
		02AF669C1AC49030007EB1F9 /* Release */ = {
			isa = XCBuildConfiguration;
			buildSettings = {
				ASSETCATALOG_COMPILER_APPICON_NAME = AppIcon;
				INFOPLIST_FILE = MeetStudent/Info.plist;
				LD_RUNPATH_SEARCH_PATHS = "$(inherited) @executable_path/Frameworks";
				PRODUCT_NAME = "$(TARGET_NAME)";
				TARGETED_DEVICE_FAMILY = 1;
			};
			name = Release;
		};
		02AF669E1AC49030007EB1F9 /* Debug */ = {
			isa = XCBuildConfiguration;
			buildSettings = {
				BUNDLE_LOADER = "$(TEST_HOST)";
				FRAMEWORK_SEARCH_PATHS = (
					"$(SDKROOT)/Developer/Library/Frameworks",
					"$(inherited)",
				);
				GCC_PREPROCESSOR_DEFINITIONS = (
					"DEBUG=1",
					"$(inherited)",
				);
				INFOPLIST_FILE = MeetStudentTests/Info.plist;
				LD_RUNPATH_SEARCH_PATHS = "$(inherited) @executable_path/Frameworks @loader_path/Frameworks";
				PRODUCT_NAME = "$(TARGET_NAME)";
				TEST_HOST = "$(BUILT_PRODUCTS_DIR)/MeetStudent.app/MeetStudent";
			};
			name = Debug;
		};
		02AF669F1AC49030007EB1F9 /* Release */ = {
			isa = XCBuildConfiguration;
			buildSettings = {
				BUNDLE_LOADER = "$(TEST_HOST)";
				FRAMEWORK_SEARCH_PATHS = (
					"$(SDKROOT)/Developer/Library/Frameworks",
					"$(inherited)",
				);
				INFOPLIST_FILE = MeetStudentTests/Info.plist;
				LD_RUNPATH_SEARCH_PATHS = "$(inherited) @executable_path/Frameworks @loader_path/Frameworks";
				PRODUCT_NAME = "$(TARGET_NAME)";
				TEST_HOST = "$(BUILT_PRODUCTS_DIR)/MeetStudent.app/MeetStudent";
			};
			name = Release;
		};
/* End XCBuildConfiguration section */

/* Begin XCConfigurationList section */
		02AF66721AC49030007EB1F9 /* Build configuration list for PBXProject "MeetStudent" */ = {
			isa = XCConfigurationList;
			buildConfigurations = (
				02AF66981AC49030007EB1F9 /* Debug */,
				02AF66991AC49030007EB1F9 /* Release */,
			);
			defaultConfigurationIsVisible = 0;
			defaultConfigurationName = Release;
		};
		02AF669A1AC49030007EB1F9 /* Build configuration list for PBXNativeTarget "MeetStudent" */ = {
			isa = XCConfigurationList;
			buildConfigurations = (
				02AF669B1AC49030007EB1F9 /* Debug */,
				02AF669C1AC49030007EB1F9 /* Release */,
			);
			defaultConfigurationIsVisible = 0;
			defaultConfigurationName = Release;
		};
		02AF669D1AC49030007EB1F9 /* Build configuration list for PBXNativeTarget "MeetStudentTests" */ = {
			isa = XCConfigurationList;
			buildConfigurations = (
				02AF669E1AC49030007EB1F9 /* Debug */,
				02AF669F1AC49030007EB1F9 /* Release */,
			);
			defaultConfigurationIsVisible = 0;
			defaultConfigurationName = Release;
		};
/* End XCConfigurationList section */
	};
	rootObject = 02AF666F1AC49030007EB1F9 /* Project object */;
}
